
Microsoft Visual Studio Solution File, Format Version 12.00
# Visual Studio Version 17
VisualStudioVersion = 17.9.34728.123
MinimumVisualStudioVersion = 10.0.40219.1
Project("{9A19103F-16F7-4668-BE54-9A1E7A4F7556}") = "CQW1QQ_HSZF_2024251.Console", "CQW1QQ_HSZF_2024251.Console\CQW1QQ_HSZF_2024251.Console.csproj", "{449F6307-1A3A-41AD-9E0F-05345275B7A3}"
EndProject
Project("{9A19103F-16F7-4668-BE54-9A1E7A4F7556}") = "CQW1QQ_HSZF_2024251.Models", "CQW1QQ_HSZF_2024251.Models\CQW1QQ_HSZF_2024251.Models.csproj", "{BBC1A851-F995-43AB-9FA3-CAACF911EB1D}"
EndProject
Project("{9A19103F-16F7-4668-BE54-9A1E7A4F7556}") = "CQW1QQ_HSZF_2024251.Application", "CQW1QQ_HSZF_2024251.Application\CQW1QQ_HSZF_2024251.Application.csproj", "{E9560313-C731-4763-8F35-3B8B0C70061A}"
EndProject
Project("{9A19103F-16F7-4668-BE54-9A1E7A4F7556}") = "CQW1QQ_HSZF_2024251.Persistence.MsSql", "CQW1QQ_HSZF_2024251.Persistence.MsSql\CQW1QQ_HSZF_2024251.Persistence.MsSql.csproj", "{54772301-8EC4-406E-B5FF-07F89BA754AF}"
EndProject
Project("{9A19103F-16F7-4668-BE54-9A1E7A4F7556}") = "CQW1QQ_HSZF_2024251.Test", "CQW1QQ_HSZF_2024251.Test\CQW1QQ_HSZF_2024251.Test.csproj", "{0070D089-DD15-47BB-8411-1C47D244F88C}"
EndProject
Project("{2150E333-8FDC-42A3-9474-1A3956D46DE8}") = "Application", "Application", "{3524032E-2F0C-40CC-B5ED-A7B42FECC72E}"
EndProject
Project("{2150E333-8FDC-42A3-9474-1A3956D46DE8}") = "Tests", "Tests", "{F0A15162-A53C-4781-8492-12160519B477}"
EndProject
Project("{2150E333-8FDC-42A3-9474-1A3956D46DE8}") = "Infrastructure", "Infrastructure", "{8499B0E3-FA42-401F-B572-86456C3EF91B}"
EndProject
Project("{2150E333-8FDC-42A3-9474-1A3956D46DE8}") = "Domain", "Domain", "{71FEB916-2071-437E-87FF-3A668BE649B7}"
EndProject
Project("{2150E333-8FDC-42A3-9474-1A3956D46DE8}") = "Presentation", "Presentation", "{3EC89DED-B5F3-4F63-93B3-740E0C0A722B}"
EndProject
Global
	GlobalSection(SolutionConfigurationPlatforms) = preSolution
		Debug|Any CPU = Debug|Any CPU
		Release|Any CPU = Release|Any CPU
	EndGlobalSection
	GlobalSection(ProjectConfigurationPlatforms) = postSolution
		{449F6307-1A3A-41AD-9E0F-05345275B7A3}.Debug|Any CPU.ActiveCfg = Debug|Any CPU
		{449F6307-1A3A-41AD-9E0F-05345275B7A3}.Debug|Any CPU.Build.0 = Debug|Any CPU
		{449F6307-1A3A-41AD-9E0F-05345275B7A3}.Release|Any CPU.ActiveCfg = Release|Any CPU
		{449F6307-1A3A-41AD-9E0F-05345275B7A3}.Release|Any CPU.Build.0 = Release|Any CPU
		{BBC1A851-F995-43AB-9FA3-CAACF911EB1D}.Debug|Any CPU.ActiveCfg = Debug|Any CPU
		{BBC1A851-F995-43AB-9FA3-CAACF911EB1D}.Debug|Any CPU.Build.0 = Debug|Any CPU
		{BBC1A851-F995-43AB-9FA3-CAACF911EB1D}.Release|Any CPU.ActiveCfg = Release|Any CPU
		{BBC1A851-F995-43AB-9FA3-CAACF911EB1D}.Release|Any CPU.Build.0 = Release|Any CPU
		{E9560313-C731-4763-8F35-3B8B0C70061A}.Debug|Any CPU.ActiveCfg = Debug|Any CPU
		{E9560313-C731-4763-8F35-3B8B0C70061A}.Debug|Any CPU.Build.0 = Debug|Any CPU
		{E9560313-C731-4763-8F35-3B8B0C70061A}.Release|Any CPU.ActiveCfg = Release|Any CPU
		{E9560313-C731-4763-8F35-3B8B0C70061A}.Release|Any CPU.Build.0 = Release|Any CPU
		{54772301-8EC4-406E-B5FF-07F89BA754AF}.Debug|Any CPU.ActiveCfg = Debug|Any CPU
		{54772301-8EC4-406E-B5FF-07F89BA754AF}.Debug|Any CPU.Build.0 = Debug|Any CPU
		{54772301-8EC4-406E-B5FF-07F89BA754AF}.Release|Any CPU.ActiveCfg = Release|Any CPU
		{54772301-8EC4-406E-B5FF-07F89BA754AF}.Release|Any CPU.Build.0 = Release|Any CPU
		{0070D089-DD15-47BB-8411-1C47D244F88C}.Debug|Any CPU.ActiveCfg = Debug|Any CPU
		{0070D089-DD15-47BB-8411-1C47D244F88C}.Debug|Any CPU.Build.0 = Debug|Any CPU
		{0070D089-DD15-47BB-8411-1C47D244F88C}.Release|Any CPU.ActiveCfg = Release|Any CPU
		{0070D089-DD15-47BB-8411-1C47D244F88C}.Release|Any CPU.Build.0 = Release|Any CPU
	EndGlobalSection
	GlobalSection(SolutionProperties) = preSolution
		HideSolutionNode = FALSE
	EndGlobalSection
	GlobalSection(NestedProjects) = preSolution
		{449F6307-1A3A-41AD-9E0F-05345275B7A3} = {3EC89DED-B5F3-4F63-93B3-740E0C0A722B}
		{BBC1A851-F995-43AB-9FA3-CAACF911EB1D} = {71FEB916-2071-437E-87FF-3A668BE649B7}
		{E9560313-C731-4763-8F35-3B8B0C70061A} = {3524032E-2F0C-40CC-B5ED-A7B42FECC72E}
		{54772301-8EC4-406E-B5FF-07F89BA754AF} = {8499B0E3-FA42-401F-B572-86456C3EF91B}
		{0070D089-DD15-47BB-8411-1C47D244F88C} = {F0A15162-A53C-4781-8492-12160519B477}
	EndGlobalSection
	GlobalSection(ExtensibilityGlobals) = postSolution
		SolutionGuid = {D486CB7E-11C1-4D3C-9964-7181DFE6929F}
	EndGlobalSection
EndGlobal
